
Microsoft Visual Studio Solution File, Format Version 12.00
# Visual Studio Version 17
VisualStudioVersion = 17.11.35312.102
MinimumVisualStudioVersion = 10.0.40219.1
Project("{FAE04EC0-301F-11D3-BF4B-00C04F79EFBC}") = "code.homework1", "code.homework1\code.homework1.csproj", "{49E3A766-F8C2-4463-A0D8-952519090CF4}"
EndProject
Global
	GlobalSection(SolutionConfigurationPlatforms) = preSolution
		Debug|Any CPU = Debug|Any CPU
		Release|Any CPU = Release|Any CPU
	EndGlobalSection
	GlobalSection(ProjectConfigurationPlatforms) = postSolution
		{49E3A766-F8C2-4463-A0D8-952519090CF4}.Debug|Any CPU.ActiveCfg = Debug|Any CPU
		{49E3A766-F8C2-4463-A0D8-952519090CF4}.Debug|Any CPU.Build.0 = Debug|Any CPU
		{49E3A766-F8C2-4463-A0D8-952519090CF4}.Release|Any CPU.ActiveCfg = Release|Any CPU
		{49E3A766-F8C2-4463-A0D8-952519090CF4}.Release|Any CPU.Build.0 = Release|Any CPU
	EndGlobalSection
	GlobalSection(SolutionProperties) = preSolution
		HideSolutionNode = FALSE
	EndGlobalSection
	GlobalSection(ExtensibilityGlobals) = postSolution
		SolutionGuid = {7D0578F8-1B2F-430B-9B11-A2416D744CE3}
	EndGlobalSection
EndGlobal
